<Solution>
  <Folder Name="/src/" />
  <Folder Name="/src/BuildingBlocks/">
    <Project Path="src/BuildingBlocks/CashFlow.BuildingBlocks.Domain/CashFlow.BuildingBlocks.Domain.csproj" />
    <Project Path="src/BuildingBlocks/CashFlow.BuildingBlocks.Messaging/CashFlow.BuildingBlocks.Messaging.csproj" />
  </Folder>
  <Folder Name="/src/Services/" />
  <Folder Name="/src/Services/Consolidation/">
    <Project Path="src/Services/Consolidation/CashFlow.Consolidation.Api/CashFlow.Consolidation.Api.csproj" />
    <Project Path="src/Services/Consolidation/CashFlow.Consolidation.Application/CashFlow.Consolidation.Application.csproj" />
    <Project Path="src/Services/Consolidation/CashFlow.Consolidation.Domain/CashFlow.Consolidation.Domain.csproj" />
    <Project Path="src/Services/Consolidation/CashFlow.Consolidation.Infrastructure/CashFlow.Consolidation.Infrastructure.csproj" />
  </Folder>
  <Folder Name="/src/Services/Transactions/">
    <Project Path="src/Services/Transactions/CashFlow.Transactions.Api/CashFlow.Transactions.Api.csproj" />
    <Project Path="src/Services/Transactions/CashFlow.Transactions.Application/CashFlow.Transactions.Application.csproj" />
    <Project Path="src/Services/Transactions/CashFlow.Transactions.Domain/CashFlow.Transactions.Domain.csproj" />
    <Project Path="src/Services/Transactions/CashFlow.Transactions.Infrastructure/CashFlow.Transactions.Infrastructure.csproj" />
  </Folder>
  <Folder Name="/tests/">
    <Project Path="tests/CashFlow.Consolidation.UnitTests/CashFlow.Consolidation.UnitTests.csproj" />
    <Project Path="tests/CashFlow.IntegrationTests/CashFlow.IntegrationTests.csproj" />
    <Project Path="tests/CashFlow.Transactions.UnitTests/CashFlow.Transactions.UnitTests.csproj" />
  </Folder>
</Solution>
''